
Microsoft Visual Studio Solution File, Format Version 12.00
# Visual Studio Version 17
VisualStudioVersion = 17.14.36518.9 d17.14
MinimumVisualStudioVersion = 10.0.40219.1
Project("{FAE04EC0-301F-11D3-BF4B-00C04F79EFBC}") = "Library.MVC", "Library.MVC\Library.MVC.csproj", "{08A0B101-FA69-4264-A4A7-1A28B4A27B21}"
EndProject
Project("{FAE04EC0-301F-11D3-BF4B-00C04F79EFBC}") = "Library.Domain", "Library.Domain\Library.Domain.csproj", "{89BADD82-37E0-42AD-BDC4-CFD8630DD181}"
EndProject
Project("{FAE04EC0-301F-11D3-BF4B-00C04F79EFBC}") = "Library.Tests", "Library.Tests\Library.Tests.csproj", "{9F686CF8-0CA8-4F09-B091-565D7B4BC822}"
EndProject
Global
	GlobalSection(SolutionConfigurationPlatforms) = preSolution
		Debug|Any CPU = Debug|Any CPU
		Release|Any CPU = Release|Any CPU
	EndGlobalSection
	GlobalSection(ProjectConfigurationPlatforms) = postSolution
		{08A0B101-FA69-4264-A4A7-1A28B4A27B21}.Debug|Any CPU.ActiveCfg = Debug|Any CPU
		{08A0B101-FA69-4264-A4A7-1A28B4A27B21}.Debug|Any CPU.Build.0 = Debug|Any CPU
		{08A0B101-FA69-4264-A4A7-1A28B4A27B21}.Release|Any CPU.ActiveCfg = Release|Any CPU
		{08A0B101-FA69-4264-A4A7-1A28B4A27B21}.Release|Any CPU.Build.0 = Release|Any CPU
		{89BADD82-37E0-42AD-BDC4-CFD8630DD181}.Debug|Any CPU.ActiveCfg = Debug|Any CPU
		{89BADD82-37E0-42AD-BDC4-CFD8630DD181}.Debug|Any CPU.Build.0 = Debug|Any CPU
		{89BADD82-37E0-42AD-BDC4-CFD8630DD181}.Release|Any CPU.ActiveCfg = Release|Any CPU
		{89BADD82-37E0-42AD-BDC4-CFD8630DD181}.Release|Any CPU.Build.0 = Release|Any CPU
		{9F686CF8-0CA8-4F09-B091-565D7B4BC822}.Debug|Any CPU.ActiveCfg = Debug|Any CPU
		{9F686CF8-0CA8-4F09-B091-565D7B4BC822}.Debug|Any CPU.Build.0 = Debug|Any CPU
		{9F686CF8-0CA8-4F09-B091-565D7B4BC822}.Release|Any CPU.ActiveCfg = Release|Any CPU
		{9F686CF8-0CA8-4F09-B091-565D7B4BC822}.Release|Any CPU.Build.0 = Release|Any CPU
	EndGlobalSection
	GlobalSection(SolutionProperties) = preSolution
		HideSolutionNode = FALSE
	EndGlobalSection
	GlobalSection(ExtensibilityGlobals) = postSolution
		SolutionGuid = {DB7BE95C-2510-4C8C-833A-351ABDD32DD1}
	EndGlobalSection
EndGlobal
